%{
  "abi": {:git, "https://github.com/arcblock/abi.git", "91750bf6e54bbc294847e87fa10f99a428f45ed1", []},
  "atomic_map": {:hex, :atomic_map, "0.9.3", "3c7f1302e0590164732d08ca999708efbb2cd768abf2911cf140280ce2dc499d", [:mix], [], "hexpm", "c237babf301bd2435bd85b96cffc973022b4cbb7721537059ee0dd3bb74938d2"},
  "binary": {:hex, :binary, "0.0.5", "20d816f7274ea34f1b673b4cff2fdb9ebec9391a7a68c349070d515c66b1b2cf", [:mix], [], "hexpm", "ee1e9ebcab703a4e24db554957fbb540642fe9327eb9e295cb3f07dd7c11ddb2"},
  "con_cache": {:hex, :con_cache, "0.13.1", "047e097ab2a8c6876e12d0c29e29a86d487b592df97b98e3e2abedad574e215d", [:mix], [], "hexpm", "d3c19f04153b691d7bfdb15bcfc3b8fea503b0b51635115393809af7eabe2f37"},
  "decimal": {:hex, :decimal, "1.9.0", "83e8daf59631d632b171faabafb4a9f4242c514b0a06ba3df493951c08f64d07", [:mix], [], "hexpm", "b1f2343568eed6928f3e751cf2dffde95bfaa19dd95d09e8a9ea92ccfd6f7d85"},
  "ecto": {:hex, :ecto, "3.8.3", "5e681d35bc2cbb46dcca1e2675837c7d666316e5ada14eca6c9c609b6232817c", [:mix], [{:decimal, "~> 1.6 or ~> 2.0", [hex: :decimal, repo: "hexpm", optional: false]}, {:jason, "~> 1.0", [hex: :jason, repo: "hexpm", optional: true]}, {:telemetry, "~> 0.4 or ~> 1.0", [hex: :telemetry, repo: "hexpm", optional: false]}], "hexpm", "af92dd7815967bcaea0daaaccf31c3b23165432b1c7a475d84144efbc703d105"},
  "ex_rlp": {:hex, :ex_rlp, "0.5.4", "a517a68381305a6270b46a7e30484ed7aabb761da4b66c9bb396dd07ae969443", [:mix], [], "hexpm", "3a9dc788822ab84a832dff472574a09786fb1711beded29f9f3a8e7d23f7ca04"},
  "exth_crypto": {:hex, :exth_crypto, "0.1.6", "8e636a9bcb75d8e32451be96e547a495121ed2178d078db294edb0f81f7cf2e8", [:mix], [{:binary, "~> 0.0.4", [hex: :binary, repo: "hexpm", optional: false]}, {:keccakf1600, "~> 2.0.0", [hex: :keccakf1600_orig, repo: "hexpm", optional: false]}, {:libsecp256k1, "~> 0.1.9", [hex: :libsecp256k1, repo: "hexpm", optional: false]}], "hexpm", "45d6faf4b889f8fc526deba059e0c7947423784ab1e7fa85be8db4c46cf4416b"},
  "hexate": {:hex, :hexate, "0.6.1", "1cea42e462c1daa32223127d4752e71016c3d933d492b9bb7fa4709a4a0fd50d", [:mix], [], "hexpm", "667c429c0970e3097107c9fafcc645636302888388845d78a3947a739fd946b7"},
  "jason": {:hex, :jason, "1.3.0", "fa6b82a934feb176263ad2df0dbd91bf633d4a46ebfdffea0c8ae82953714946", [:mix], [{:decimal, "~> 1.0 or ~> 2.0", [hex: :decimal, repo: "hexpm", optional: true]}], "hexpm", "53fc1f51255390e0ec7e50f9cb41e751c260d065dcba2bf0d08dc51a4002c2ac"},
  "keccakf1600": {:hex, :keccakf1600_orig, "2.0.0", "0a7217ddb3ee8220d449bbf7575ec39d4e967099f220a91e3dfca4dbaef91963", [:rebar3], [], "hexpm", "bdbbb02d67bea35605f95d4e3de48203347374e414da7945c4f2f7fd13ffe632"},
  "libsecp256k1": {:hex, :libsecp256k1, "0.1.10", "d27495e2b9851c7765129b76c53b60f5e275bd6ff68292c50536bf6b8d091a4d", [:make, :mix], [{:mix_erlang_tasks, "0.1.0", [hex: :mix_erlang_tasks, repo: "hexpm", optional: false]}], "hexpm", "09ea06239938571124f7f5a27bc9ac45dfb1cfc2df40d46ee9b59c3d51366652"},
  "mime": {:hex, :mime, "2.0.2", "0b9e1a4c840eafb68d820b0e2158ef5c49385d17fb36855ac6e7e087d4b1dcc5", [:mix], [], "hexpm", "e6a3f76b4c277739e36c2e21a2c640778ba4c3846189d5ab19f97f126df5f9b7"},
  "mix_erlang_tasks": {:hex, :mix_erlang_tasks, "0.1.0", "36819fec60b80689eb1380938675af215565a89320a9e29c72c70d97512e4649", [:mix], [], "hexpm", "95d2839c422c482a70c08a8702da8242f86b773f8ab6e8602a4eb72da8da04ed"},
  "ocap_rpc": {:git, "https://github.com/dingpl716/ocap-rpc.git", "e64aff84b7d1f0fa944a1c296e9c8a1912d288e6", []},
  "proper_case": {:hex, :proper_case, "1.3.1", "5f51cabd2d422a45f374c6061b7379191d585b5154456b371432d0fa7cb1ffda", [:mix], [], "hexpm", "6cc715550cc1895e61608060bbe67aef0d7c9cf55d7ddb013c6d7073036811dd"},
  "recase": {:hex, :recase, "0.6.0", "1dd2dd2f4e06603b74977630e739f08b7fedbb9420cc14de353666c2fc8b99f4", [:mix], [], "hexpm", "8712e318420a228eb2e6366ada230148ed3a4316a798319edd5512f64d78c990"},
  "telemetry": {:hex, :telemetry, "1.1.0", "a589817034a27eab11144ad24d5c0f9fab1f58173274b1e9bae7074af9cbee51", [:rebar3], [], "hexpm", "b727b2a1f75614774cff2d7565b64d0dfa5bd52ba517f16543e6fc7efcc0df48"},
  "tesla": {:hex, :tesla, "1.4.4", "bb89aa0c9745190930366f6a2ac612cdf2d0e4d7fff449861baa7875afd797b2", [:mix], [{:castore, "~> 0.1", [hex: :castore, repo: "hexpm", optional: true]}, {:exjsx, ">= 3.0.0", [hex: :exjsx, repo: "hexpm", optional: true]}, {:finch, "~> 0.3", [hex: :finch, repo: "hexpm", optional: true]}, {:fuse, "~> 2.4", [hex: :fuse, repo: "hexpm", optional: true]}, {:gun, "~> 1.3", [hex: :gun, repo: "hexpm", optional: true]}, {:hackney, "~> 1.6", [hex: :hackney, repo: "hexpm", optional: true]}, {:ibrowse, "4.4.0", [hex: :ibrowse, repo: "hexpm", optional: true]}, {:jason, ">= 1.0.0", [hex: :jason, repo: "hexpm", optional: true]}, {:mime, "~> 1.0 or ~> 2.0", [hex: :mime, repo: "hexpm", optional: false]}, {:mint, "~> 1.0", [hex: :mint, repo: "hexpm", optional: true]}, {:poison, ">= 1.0.0", [hex: :poison, repo: "hexpm", optional: true]}, {:telemetry, "~> 0.4 or ~> 1.0", [hex: :telemetry, repo: "hexpm", optional: true]}], "hexpm", "d5503a49f9dec1b287567ea8712d085947e247cb11b06bc54adb05bfde466457"},
  "utility_belt": {:hex, :utility_belt, "0.16.0", "76f674ae6d17e299529eda623986730af7116b4bc07c65cf98ed94465dfc8e09", [:mix], [{:argon2_elixir, "~> 1.3", [hex: :argon2_elixir, repo: "hexpm", optional: true]}, {:bcrypt_elixir, "~> 1.1", [hex: :bcrypt_elixir, repo: "hexpm", optional: true]}, {:cipher, "~> 1.4", [hex: :cipher, repo: "hexpm", optional: true]}, {:comeonin, "~> 4.1", [hex: :comeonin, repo: "hexpm", optional: true]}, {:con_cache, "~> 0.13.0", [hex: :con_cache, repo: "hexpm", optional: false]}, {:ecto, "~> 3.0", [hex: :ecto, repo: "hexpm", optional: false]}, {:ecto_sql, "~> 3.0", [hex: :ecto_sql, repo: "hexpm", optional: true]}, {:ex_datadog_plug, "~> 0.5.0", [hex: :ex_datadog_plug, repo: "hexpm", optional: true]}, {:joken, "~> 1.5", [hex: :joken, repo: "hexpm", optional: true]}, {:not_qwerty123, "~> 2.3", [hex: :not_qwerty123, repo: "hexpm", optional: true]}, {:plug, "~> 1.7", [hex: :plug, repo: "hexpm", optional: true]}, {:postgrex, "~> 0.14", [hex: :postgrex, repo: "hexpm", optional: true]}, {:recase, "~> 0.6.0", [hex: :recase, repo: "hexpm", optional: true]}], "hexpm", "a05f5f4b169f744898b3b30656dc69af82738c5f02c4c599625f13147700d8c1"},
  "yamerl": {:hex, :yamerl, "0.10.0", "4ff81fee2f1f6a46f1700c0d880b24d193ddb74bd14ef42cb0bcf46e81ef2f8e", [:rebar3], [], "hexpm", "346adb2963f1051dc837a2364e4acf6eb7d80097c0f53cbdc3046ec8ec4b4e6e"},
  "yaml_elixir": {:hex, :yaml_elixir, "2.8.0", "c7ff0034daf57279c2ce902788ce6fdb2445532eb4317e8df4b044209fae6832", [:mix], [{:yamerl, "~> 0.8", [hex: :yamerl, repo: "hexpm", optional: false]}], "hexpm", "4b674bd881e373d1ac6a790c64b2ecb69d1fd612c2af3b22de1619c15473830b"},
}
